<?xml version="1.0" encoding="utf-8"?>
<Project ToolsVersion="4.0" xmlns="http://schemas.microsoft.com/developer/msbuild/2003">
  <ItemGroup>
    <Filter Include="Source Files">
      <UniqueIdentifier>{4FC737F1-C7A5-4376-A066-2A32D752A2FF}</UniqueIdentifier>
      <Extensions>cpp;c;cc;cxx;def;odl;idl;hpj;bat;asm;asmx</Extensions>
    </Filter>
    <Filter Include="Header Files">
      <UniqueIdentifier>{93995380-89BD-4b04-88EB-625FBE52EBFB}</UniqueIdentifier>
      <Extensions>h;hpp;hxx;hm;inl;inc;xsd</Extensions>
    </Filter>
    <Filter Include="Resource Files">
      <UniqueIdentifier>{67DA6AB6-F800-4c08-8B7A-83BB121AAD01}</UniqueIdentifier>
      <Extensions>rc;ico;cur;bmp;dlg;rc2;rct;bin;rgs;gif;jpg;jpeg;jpe;resx;tiff;tif;png;wav;mfcribbon-ms</Extensions>
    </Filter>
  </ItemGroup>
  <ItemGroup>
    <ClInclude Include="..\include\Mai_Base0.h">
      <Filter>Header Files</Filter>
    </ClInclude>
    <ClInclude Include="..\include\MaiAT3PlusCoreDecoder.h">
      <Filter>Header Files</Filter>
    </ClInclude>
    <ClInclude Include="..\include\MaiAT3PlusFrameDecoder.h">
      <Filter>Header Files</Filter>
    </ClInclude>
    <ClInclude Include="..\include\SUB\Heap_Alloc0.h">
      <Filter>Header Files</Filter>
    </ClInclude>
    <ClInclude Include="..\include\SUB\Mai_All.h">
      <Filter>Header Files</Filter>
    </ClInclude>
    <ClInclude Include="..\include\SUB\Mai_mem.h">
      <Filter>Header Files</Filter>
    </ClInclude>
    <ClInclude Include="..\include\SUB\Mai_Sleep.h">
      <Filter>Header Files</Filter>
    </ClInclude>
    <ClInclude Include="..\include\SUB\MaiBitReader.h">
      <Filter>Header Files</Filter>
    </ClInclude>
    <ClInclude Include="..\include\SUB\MaiBufIO.h">
      <Filter>Header Files</Filter>
    </ClInclude>
    <ClInclude Include="..\include\SUB\MaiCriticalSection.h">
      <Filter>Header Files</Filter>
    </ClInclude>
    <ClInclude Include="..\include\SUB\MaiFile.h">
      <Filter>Header Files</Filter>
    </ClInclude>
    <ClInclude Include="..\include\SUB\MaiQueue0.h">
      <Filter>Header Files</Filter>
    </ClInclude>
    <ClInclude Include="..\include\SUB\MaiString.h">
      <Filter>Header Files</Filter>
    </ClInclude>
    <ClInclude Include="..\include\SUB\MaiThread.h">
      <Filter>Header Files</Filter>
    </ClInclude>
    <ClInclude Include="..\include\SUB\Unicode.h">
      <Filter>Header Files</Filter>
    </ClInclude>
    <ClInclude Include="..\maiatrac3plus.h" />
  </ItemGroup>
  <ItemGroup>
    <ClCompile Include="..\src\MaiAT3PlusCoreDecoder.cpp">
      <Filter>Source Files</Filter>
    </ClCompile>
    <ClCompile Include="..\src\MaiAT3PlusCoreDecoder_DecFunc.cpp">
      <Filter>Source Files</Filter>
    </ClCompile>
    <ClCompile Include="..\src\MaiAT3PlusCoreDecoder_StaticData.cpp">
      <Filter>Source Files</Filter>
    </ClCompile>
    <ClCompile Include="..\src\MaiAT3PlusCoreDecoder_SubFunc.cpp">
      <Filter>Source Files</Filter>
    </ClCompile>
    <ClCompile Include="..\src\MaiAT3PlusFrameDecoder.cpp">
      <Filter>Source Files</Filter>
    </ClCompile>
    <ClCompile Include="..\src\base\Heap_Alloc0.cc">
      <Filter>Source Files</Filter>
    </ClCompile>
    <ClCompile Include="..\src\base\Mai_mem.cc">
      <Filter>Source Files</Filter>
    </ClCompile>
    <ClCompile Include="..\src\base\Mai_Sleep.cc">
      <Filter>Source Files</Filter>
    </ClCompile>
    <ClCompile Include="..\src\base\MaiBitReader.cc">
      <Filter>Source Files</Filter>
    </ClCompile>
    <ClCompile Include="..\src\base\MaiBufIO.cc">
      <Filter>Source Files</Filter>
    </ClCompile>
    <ClCompile Include="..\src\base\MaiCriticalSection.cc">
      <Filter>Source Files</Filter>
    </ClCompile>
    <ClCompile Include="..\src\base\MaiFile.cc">
      <Filter>Source Files</Filter>
    </ClCompile>
    <ClCompile Include="..\src\base\MaiQueue0.cc">
      <Filter>Source Files</Filter>
    </ClCompile>
    <ClCompile Include="..\src\base\MaiString.cc">
      <Filter>Source Files</Filter>
    </ClCompile>
    <ClCompile Include="..\src\base\MaiThread.cc">
      <Filter>Source Files</Filter>
    </ClCompile>
    <ClCompile Include="..\src\base\Unicode.cc">
      <Filter>Source Files</Filter>
    </ClCompile>
    <ClCompile Include="..\maiatrac3plus.cpp" />
  </ItemGroup>
  <ItemGroup>
    <None Include="..\android\jni\Android.mk" />
    <None Include="..\android\jni\Application.mk" />
  </ItemGroup>
</Project>